PODS:
  - DATAStack (7.0.1)
  - Sync (2.7.0):
    - DATAStack (~> 7.0.1)
    - SYNCPropertyMapper (~> 5.2.0)
  - SYNCPropertyMapper (5.2.0)

DEPENDENCIES:
  - Sync (~> 2)

SPEC CHECKSUMS:
  DATAStack: 9ca4ba8e8e4f389f1593ad3178d7a4d4df69d648
  Sync: b02ce41aa8080049a2932fd7342fe189edb2298a
  SYNCPropertyMapper: b3157f5183285c8a25ba23877b95a06ec2547e73

PODFILE CHECKSUM: d8b9215c5621404a5ef752c848c1a21f97d77d50

COCOAPODS: 1.2.0
