// !$*UTF8*$!
{
	archiveVersion = 1;
	classes = {
	};
	objectVersion = 46;
	objects = {

/* Begin PBXBuildFile section */
		0C20FD73C4FD5CA8818C3505 /* EditAccountViewInput.swift in Sources */ = {isa = PBXBuildFile; fileRef = F732A9D3D45C19CBB5F0D466 /* EditAccountViewInput.swift */; };
		123AD8D2B6F4FEC7D3E77BDB /* AccountsModuleInput.swift in Sources */ = {isa = PBXBuildFile; fileRef = 73F86B07C74A91892363803C /* AccountsModuleInput.swift */; };
		20FEF5A73FE2A16C5729762D /* AccountsInteractorInput.swift in Sources */ = {isa = PBXBuildFile; fileRef = F4019656FC4EC5E7FA86B6AE /* AccountsInteractorInput.swift */; };
		2C41C6A546E8E06162ABB6F1 /* EditAccountRouter.swift in Sources */ = {isa = PBXBuildFile; fileRef = 61EF01DC493EAC6A4B219154 /* EditAccountRouter.swift */; };
		42785AF1BBE6E5BE6A8EFAAE /* AccountsInteractor.swift in Sources */ = {isa = PBXBuildFile; fileRef = 1B298E08B33F605C2E1BCF7C /* AccountsInteractor.swift */; };
		4C19A4184E6525FA081825AF /* AccountsPresenter.swift in Sources */ = {isa = PBXBuildFile; fileRef = 5C957B0B6BAE8F361E371B90 /* AccountsPresenter.swift */; };
		4D5C476261EBE9E57757EB02 /* EditAccountInteractor.swift in Sources */ = {isa = PBXBuildFile; fileRef = 4C1D98592090C9B615263203 /* EditAccountInteractor.swift */; };
		4DD41698DF996DD6A810E900 /* AccountsConfigurator.swift in Sources */ = {isa = PBXBuildFile; fileRef = 8D05085117B7731C9943A79A /* AccountsConfigurator.swift */; };
		55E56D2D1E375AC46615AA02 /* AccountsInitializer.swift in Sources */ = {isa = PBXBuildFile; fileRef = EA7BE38D58F09F7C2CB9D8F2 /* AccountsInitializer.swift */; };
		59B478334087C8A43FE443D3 /* Pods_MooneyTests.framework in Frameworks */ = {isa = PBXBuildFile; fileRef = BE132653747F687A6C542A5E /* Pods_MooneyTests.framework */; };
		5B4E71AB8A1B95C515B11A04 /* EditAccountPresenter.swift in Sources */ = {isa = PBXBuildFile; fileRef = BC37BD393A4E4E277BC836EE /* EditAccountPresenter.swift */; };
		75520A693C414B2895D83C81 /* AccountsViewController.swift in Sources */ = {isa = PBXBuildFile; fileRef = B2290134312CE525414E795F /* AccountsViewController.swift */; };
		76DA6E0059B74612C98B67D8 /* Pods_Mooney.framework in Frameworks */ = {isa = PBXBuildFile; fileRef = 21F2839BE0688212E6F645AB /* Pods_Mooney.framework */; };
		8AC274CA2A710BCEF597CA8E /* EditAccountInteractorOutput.swift in Sources */ = {isa = PBXBuildFile; fileRef = DD5C7CF958BE4EBB6D5C1FCD /* EditAccountInteractorOutput.swift */; };
		8F018966FB6496D4714BB3C0 /* EditAccountViewOutput.swift in Sources */ = {isa = PBXBuildFile; fileRef = AE1C412D3E5B288E0B1B3E0C /* EditAccountViewOutput.swift */; };
		901BCF28392EAA1E1DC27E15 /* EditAccountRouterInput.swift in Sources */ = {isa = PBXBuildFile; fileRef = 8E35B6AB6A0D61A68C392C3B /* EditAccountRouterInput.swift */; };
		A52C52FACBBCECE154883F5A /* EditAccountInitializer.swift in Sources */ = {isa = PBXBuildFile; fileRef = E1BE9BFCC4CFD41EE71A13CE /* EditAccountInitializer.swift */; };
		B4CA0D2B87D92F510C0CB6CD /* EditAccountConfigurator.swift in Sources */ = {isa = PBXBuildFile; fileRef = 5263FAFF0FB743E12BCF1B30 /* EditAccountConfigurator.swift */; };
		B4FDC621A426E695859A9BA8 /* AccountsViewInput.swift in Sources */ = {isa = PBXBuildFile; fileRef = 63EDE6634C27E599EF38EBB5 /* AccountsViewInput.swift */; };
		BA04B8061E5B1FC100DF823F /* ListResourcesInteractor.swift in Sources */ = {isa = PBXBuildFile; fileRef = BA04B7FD1E5B1FC100DF823F /* ListResourcesInteractor.swift */; };
		BA04B8071E5B1FC100DF823F /* ListResourcesInteractorInput.swift in Sources */ = {isa = PBXBuildFile; fileRef = BA04B7FE1E5B1FC100DF823F /* ListResourcesInteractorInput.swift */; };
		BA04B8081E5B1FC100DF823F /* ListResourcesInteractorOutput.swift in Sources */ = {isa = PBXBuildFile; fileRef = BA04B7FF1E5B1FC100DF823F /* ListResourcesInteractorOutput.swift */; };
		BA04B8091E5B1FC100DF823F /* ListResourcesPresenter.swift in Sources */ = {isa = PBXBuildFile; fileRef = BA04B8011E5B1FC100DF823F /* ListResourcesPresenter.swift */; };
		BA04B80A1E5B1FC100DF823F /* ListResourcesPresenterInput.swift in Sources */ = {isa = PBXBuildFile; fileRef = BA04B8021E5B1FC100DF823F /* ListResourcesPresenterInput.swift */; };
		BA04B80B1E5B1FC100DF823F /* ListResourcesViewInput.swift in Sources */ = {isa = PBXBuildFile; fileRef = BA04B8041E5B1FC100DF823F /* ListResourcesViewInput.swift */; };
		BA04B80C1E5B1FC100DF823F /* ListResourcesViewOutput.swift in Sources */ = {isa = PBXBuildFile; fileRef = BA04B8051E5B1FC100DF823F /* ListResourcesViewOutput.swift */; };
		BA04B8161E5B276400DF823F /* BaseEntity.swift in Sources */ = {isa = PBXBuildFile; fileRef = BA04B8151E5B276400DF823F /* BaseEntity.swift */; };
		BA04B8181E5B28A800DF823F /* ListResourcesRouterInput.swift in Sources */ = {isa = PBXBuildFile; fileRef = BA04B8171E5B28A800DF823F /* ListResourcesRouterInput.swift */; };
		BA145A341E5319B200358AE5 /* Account+CoreDataClass.swift in Sources */ = {isa = PBXBuildFile; fileRef = BA145A321E5319B200358AE5 /* Account+CoreDataClass.swift */; };
		BA145A351E5319B200358AE5 /* Account+CoreDataProperties.swift in Sources */ = {isa = PBXBuildFile; fileRef = BA145A331E5319B200358AE5 /* Account+CoreDataProperties.swift */; };
		BA7D10A41E57C18C0066FFA2 /* RoundedFlatTextField.swift in Sources */ = {isa = PBXBuildFile; fileRef = BA7D10A31E57C18C0066FFA2 /* RoundedFlatTextField.swift */; };
		BA7D10A61E57D49C0066FFA2 /* EditAccountInteractorTests.swift in Sources */ = {isa = PBXBuildFile; fileRef = BA7D10A51E57D49C0066FFA2 /* EditAccountInteractorTests.swift */; };
		BA7D10A81E57D52F0066FFA2 /* EditAccountInteractorOutputDouble.swift in Sources */ = {isa = PBXBuildFile; fileRef = BA7D10A71E57D52F0066FFA2 /* EditAccountInteractorOutputDouble.swift */; };
		BA9100971E50717C0006CAD3 /* AppDelegate.swift in Sources */ = {isa = PBXBuildFile; fileRef = BA9100911E50717C0006CAD3 /* AppDelegate.swift */; };
		BA9100991E50717C0006CAD3 /* Assets.xcassets in Resources */ = {isa = PBXBuildFile; fileRef = BA9100941E50717C0006CAD3 /* Assets.xcassets */; };
		BA91009A1E50717C0006CAD3 /* LaunchScreen.storyboard in Resources */ = {isa = PBXBuildFile; fileRef = BA9100951E50717C0006CAD3 /* LaunchScreen.storyboard */; };
		BA9100A71E50A4E10006CAD3 /* Accounts.storyboard in Resources */ = {isa = PBXBuildFile; fileRef = BA9100A61E50A4E10006CAD3 /* Accounts.storyboard */; };
		BA9100AA1E5149B70006CAD3 /* Menu.storyboard in Resources */ = {isa = PBXBuildFile; fileRef = BA9100A91E5149B70006CAD3 /* Menu.storyboard */; };
		BA9100B01E514E300006CAD3 /* API.swift in Sources */ = {isa = PBXBuildFile; fileRef = BA9100AF1E514E300006CAD3 /* API.swift */; };
		BAA510C81E5475E100AE5F99 /* AccountsInteractorTests.swift in Sources */ = {isa = PBXBuildFile; fileRef = BAA510C41E5475E100AE5F99 /* AccountsInteractorTests.swift */; };
		BAA510C91E5475E100AE5F99 /* AccountsInteractorOutputDouble.swift in Sources */ = {isa = PBXBuildFile; fileRef = BAA510C61E5475E100AE5F99 /* AccountsInteractorOutputDouble.swift */; };
		BAA510CB1E54761A00AE5F99 /* DatabaseUtils.swift in Sources */ = {isa = PBXBuildFile; fileRef = BAA510CA1E54761A00AE5F99 /* DatabaseUtils.swift */; };
		BAA71F011E5264C6009DB223 /* MooneyDataModel.xcdatamodeld in Sources */ = {isa = PBXBuildFile; fileRef = BAA71EFF1E5264C6009DB223 /* MooneyDataModel.xcdatamodeld */; };
		BAC411EA1E54F2180021273D /* EditAccount.storyboard in Resources */ = {isa = PBXBuildFile; fileRef = BAC411E91E54F2180021273D /* EditAccount.storyboard */; };
		BACC7BA61E55272D007BEECA /* UIViewControllerExtensions.swift in Sources */ = {isa = PBXBuildFile; fileRef = BACC7BA31E55272D007BEECA /* UIViewControllerExtensions.swift */; };
		BACC7BA71E55272D007BEECA /* RoundedCornerButton.swift in Sources */ = {isa = PBXBuildFile; fileRef = BACC7BA51E55272D007BEECA /* RoundedCornerButton.swift */; };
		BACC7BA91E55275D007BEECA /* UIViewExtensions.swift in Sources */ = {isa = PBXBuildFile; fileRef = BACC7BA81E55275D007BEECA /* UIViewExtensions.swift */; };
		BFE5E15C72BDF4A87C9B9531 /* AccountsRouterInput.swift in Sources */ = {isa = PBXBuildFile; fileRef = C95F2DAEB8A976757A947089 /* AccountsRouterInput.swift */; };
		C6990D4A8E301E58C6FEFAD1 /* EditAccountViewController.swift in Sources */ = {isa = PBXBuildFile; fileRef = 7D94AF0CC1FCCE9576EE055C /* EditAccountViewController.swift */; };
		CDCD23C2D9B53A5A47FBCE5F /* AccountsRouter.swift in Sources */ = {isa = PBXBuildFile; fileRef = 2351AA38C7B70C57B03D20DC /* AccountsRouter.swift */; };
		DA4E69E658669F7562B31206 /* AccountsInteractorOutput.swift in Sources */ = {isa = PBXBuildFile; fileRef = 0AAE579A4490CAC99268D80C /* AccountsInteractorOutput.swift */; };
		DA68D313ACCD22E73548A4ED /* AccountsViewOutput.swift in Sources */ = {isa = PBXBuildFile; fileRef = 7283DAA7DBD4389FA3E6B928 /* AccountsViewOutput.swift */; };
		DDCB3C72D638F2A1E8A5BC47 /* EditAccountInteractorInput.swift in Sources */ = {isa = PBXBuildFile; fileRef = C4C7C6BAC46FAA77BD6273FA /* EditAccountInteractorInput.swift */; };
		F9982945946748A65A33CDD1 /* EditAccountModuleInput.swift in Sources */ = {isa = PBXBuildFile; fileRef = 91D35C34AE94B9FDB5B5EFD4 /* EditAccountModuleInput.swift */; };
/* End PBXBuildFile section */

/* Begin PBXContainerItemProxy section */
		BAF142171E5334E4007C508B /* PBXContainerItemProxy */ = {
			isa = PBXContainerItemProxy;
			containerPortal = BA9100731E5069240006CAD3 /* Project object */;
			proxyType = 1;
			remoteGlobalIDString = BA91007A1E5069240006CAD3;
			remoteInfo = Mooney;
		};
/* End PBXContainerItemProxy section */

/* Begin PBXFileReference section */
		0AAE579A4490CAC99268D80C /* AccountsInteractorOutput.swift */ = {isa = PBXFileReference; includeInIndex = 1; lastKnownFileType = sourcecode.swift; path = AccountsInteractorOutput.swift; sourceTree = "<group>"; };
		1B298E08B33F605C2E1BCF7C /* AccountsInteractor.swift */ = {isa = PBXFileReference; includeInIndex = 1; lastKnownFileType = sourcecode.swift; path = AccountsInteractor.swift; sourceTree = "<group>"; };
		21F2839BE0688212E6F645AB /* Pods_Mooney.framework */ = {isa = PBXFileReference; explicitFileType = wrapper.framework; includeInIndex = 0; path = Pods_Mooney.framework; sourceTree = BUILT_PRODUCTS_DIR; };
		2351AA38C7B70C57B03D20DC /* AccountsRouter.swift */ = {isa = PBXFileReference; includeInIndex = 1; lastKnownFileType = sourcecode.swift; path = AccountsRouter.swift; sourceTree = "<group>"; };
		4C1D98592090C9B615263203 /* EditAccountInteractor.swift */ = {isa = PBXFileReference; includeInIndex = 1; lastKnownFileType = sourcecode.swift; path = EditAccountInteractor.swift; sourceTree = "<group>"; };
		5263FAFF0FB743E12BCF1B30 /* EditAccountConfigurator.swift */ = {isa = PBXFileReference; includeInIndex = 1; lastKnownFileType = sourcecode.swift; path = EditAccountConfigurator.swift; sourceTree = "<group>"; };
		5C957B0B6BAE8F361E371B90 /* AccountsPresenter.swift */ = {isa = PBXFileReference; includeInIndex = 1; lastKnownFileType = sourcecode.swift; path = AccountsPresenter.swift; sourceTree = "<group>"; };
		61EF01DC493EAC6A4B219154 /* EditAccountRouter.swift */ = {isa = PBXFileReference; includeInIndex = 1; lastKnownFileType = sourcecode.swift; path = EditAccountRouter.swift; sourceTree = "<group>"; };
		63EDE6634C27E599EF38EBB5 /* AccountsViewInput.swift */ = {isa = PBXFileReference; includeInIndex = 1; lastKnownFileType = sourcecode.swift; path = AccountsViewInput.swift; sourceTree = "<group>"; };
		7283DAA7DBD4389FA3E6B928 /* AccountsViewOutput.swift */ = {isa = PBXFileReference; includeInIndex = 1; lastKnownFileType = sourcecode.swift; path = AccountsViewOutput.swift; sourceTree = "<group>"; };
		73F86B07C74A91892363803C /* AccountsModuleInput.swift */ = {isa = PBXFileReference; includeInIndex = 1; lastKnownFileType = sourcecode.swift; path = AccountsModuleInput.swift; sourceTree = "<group>"; };
		7D94AF0CC1FCCE9576EE055C /* EditAccountViewController.swift */ = {isa = PBXFileReference; includeInIndex = 1; lastKnownFileType = sourcecode.swift; path = EditAccountViewController.swift; sourceTree = "<group>"; };
		8D05085117B7731C9943A79A /* AccountsConfigurator.swift */ = {isa = PBXFileReference; includeInIndex = 1; lastKnownFileType = sourcecode.swift; path = AccountsConfigurator.swift; sourceTree = "<group>"; };
		8E35B6AB6A0D61A68C392C3B /* EditAccountRouterInput.swift */ = {isa = PBXFileReference; includeInIndex = 1; lastKnownFileType = sourcecode.swift; path = EditAccountRouterInput.swift; sourceTree = "<group>"; };
		91D35C34AE94B9FDB5B5EFD4 /* EditAccountModuleInput.swift */ = {isa = PBXFileReference; includeInIndex = 1; lastKnownFileType = sourcecode.swift; path = EditAccountModuleInput.swift; sourceTree = "<group>"; };
		A35E3174360B94147366C779 /* Pods-MooneyTests.debug.xcconfig */ = {isa = PBXFileReference; includeInIndex = 1; lastKnownFileType = text.xcconfig; name = "Pods-MooneyTests.debug.xcconfig"; path = "Pods/Target Support Files/Pods-MooneyTests/Pods-MooneyTests.debug.xcconfig"; sourceTree = "<group>"; };
		AE1C412D3E5B288E0B1B3E0C /* EditAccountViewOutput.swift */ = {isa = PBXFileReference; includeInIndex = 1; lastKnownFileType = sourcecode.swift; path = EditAccountViewOutput.swift; sourceTree = "<group>"; };
		B2290134312CE525414E795F /* AccountsViewController.swift */ = {isa = PBXFileReference; includeInIndex = 1; lastKnownFileType = sourcecode.swift; path = AccountsViewController.swift; sourceTree = "<group>"; };
		BA04B7FD1E5B1FC100DF823F /* ListResourcesInteractor.swift */ = {isa = PBXFileReference; fileEncoding = 4; lastKnownFileType = sourcecode.swift; path = ListResourcesInteractor.swift; sourceTree = "<group>"; };
		BA04B7FE1E5B1FC100DF823F /* ListResourcesInteractorInput.swift */ = {isa = PBXFileReference; fileEncoding = 4; lastKnownFileType = sourcecode.swift; path = ListResourcesInteractorInput.swift; sourceTree = "<group>"; };
		BA04B7FF1E5B1FC100DF823F /* ListResourcesInteractorOutput.swift */ = {isa = PBXFileReference; fileEncoding = 4; lastKnownFileType = sourcecode.swift; path = ListResourcesInteractorOutput.swift; sourceTree = "<group>"; };
		BA04B8011E5B1FC100DF823F /* ListResourcesPresenter.swift */ = {isa = PBXFileReference; fileEncoding = 4; lastKnownFileType = sourcecode.swift; path = ListResourcesPresenter.swift; sourceTree = "<group>"; };
		BA04B8021E5B1FC100DF823F /* ListResourcesPresenterInput.swift */ = {isa = PBXFileReference; fileEncoding = 4; lastKnownFileType = sourcecode.swift; path = ListResourcesPresenterInput.swift; sourceTree = "<group>"; };
		BA04B8041E5B1FC100DF823F /* ListResourcesViewInput.swift */ = {isa = PBXFileReference; fileEncoding = 4; lastKnownFileType = sourcecode.swift; path = ListResourcesViewInput.swift; sourceTree = "<group>"; };
		BA04B8051E5B1FC100DF823F /* ListResourcesViewOutput.swift */ = {isa = PBXFileReference; fileEncoding = 4; lastKnownFileType = sourcecode.swift; path = ListResourcesViewOutput.swift; sourceTree = "<group>"; };
		BA04B8151E5B276400DF823F /* BaseEntity.swift */ = {isa = PBXFileReference; fileEncoding = 4; lastKnownFileType = sourcecode.swift; path = BaseEntity.swift; sourceTree = "<group>"; };
		BA04B8171E5B28A800DF823F /* ListResourcesRouterInput.swift */ = {isa = PBXFileReference; fileEncoding = 4; lastKnownFileType = sourcecode.swift; path = ListResourcesRouterInput.swift; sourceTree = "<group>"; };
		BA145A321E5319B200358AE5 /* Account+CoreDataClass.swift */ = {isa = PBXFileReference; fileEncoding = 4; lastKnownFileType = sourcecode.swift; path = "Account+CoreDataClass.swift"; sourceTree = "<group>"; };
		BA145A331E5319B200358AE5 /* Account+CoreDataProperties.swift */ = {isa = PBXFileReference; fileEncoding = 4; lastKnownFileType = sourcecode.swift; path = "Account+CoreDataProperties.swift"; sourceTree = "<group>"; };
		BA7D10A31E57C18C0066FFA2 /* RoundedFlatTextField.swift */ = {isa = PBXFileReference; fileEncoding = 4; lastKnownFileType = sourcecode.swift; path = RoundedFlatTextField.swift; sourceTree = "<group>"; };
		BA7D10A51E57D49C0066FFA2 /* EditAccountInteractorTests.swift */ = {isa = PBXFileReference; fileEncoding = 4; lastKnownFileType = sourcecode.swift; path = EditAccountInteractorTests.swift; sourceTree = "<group>"; };
		BA7D10A71E57D52F0066FFA2 /* EditAccountInteractorOutputDouble.swift */ = {isa = PBXFileReference; fileEncoding = 4; lastKnownFileType = sourcecode.swift; path = EditAccountInteractorOutputDouble.swift; sourceTree = "<group>"; };
		BA91007B1E5069240006CAD3 /* Mooney.app */ = {isa = PBXFileReference; explicitFileType = wrapper.application; includeInIndex = 0; path = Mooney.app; sourceTree = BUILT_PRODUCTS_DIR; };
		BA9100911E50717C0006CAD3 /* AppDelegate.swift */ = {isa = PBXFileReference; fileEncoding = 4; lastKnownFileType = sourcecode.swift; path = AppDelegate.swift; sourceTree = "<group>"; };
		BA9100921E50717C0006CAD3 /* Info.plist */ = {isa = PBXFileReference; fileEncoding = 4; lastKnownFileType = text.plist.xml; path = Info.plist; sourceTree = "<group>"; };
		BA9100941E50717C0006CAD3 /* Assets.xcassets */ = {isa = PBXFileReference; lastKnownFileType = folder.assetcatalog; path = Assets.xcassets; sourceTree = "<group>"; };
		BA9100961E50717C0006CAD3 /* Base */ = {isa = PBXFileReference; lastKnownFileType = file.storyboard; name = Base; path = Base.lproj/LaunchScreen.storyboard; sourceTree = "<group>"; };
		BA9100A61E50A4E10006CAD3 /* Accounts.storyboard */ = {isa = PBXFileReference; fileEncoding = 4; lastKnownFileType = file.storyboard; path = Accounts.storyboard; sourceTree = "<group>"; };
		BA9100A91E5149B70006CAD3 /* Menu.storyboard */ = {isa = PBXFileReference; fileEncoding = 4; lastKnownFileType = file.storyboard; path = Menu.storyboard; sourceTree = "<group>"; };
		BA9100AF1E514E300006CAD3 /* API.swift */ = {isa = PBXFileReference; fileEncoding = 4; lastKnownFileType = sourcecode.swift; path = API.swift; sourceTree = "<group>"; };
		BAA510C41E5475E100AE5F99 /* AccountsInteractorTests.swift */ = {isa = PBXFileReference; fileEncoding = 4; lastKnownFileType = sourcecode.swift; path = AccountsInteractorTests.swift; sourceTree = "<group>"; };
		BAA510C61E5475E100AE5F99 /* AccountsInteractorOutputDouble.swift */ = {isa = PBXFileReference; fileEncoding = 4; lastKnownFileType = sourcecode.swift; path = AccountsInteractorOutputDouble.swift; sourceTree = "<group>"; };
		BAA510CA1E54761A00AE5F99 /* DatabaseUtils.swift */ = {isa = PBXFileReference; fileEncoding = 4; lastKnownFileType = sourcecode.swift; path = DatabaseUtils.swift; sourceTree = "<group>"; };
		BAA71F001E5264C6009DB223 /* MooneyDataModel.xcdatamodel */ = {isa = PBXFileReference; lastKnownFileType = wrapper.xcdatamodel; path = MooneyDataModel.xcdatamodel; sourceTree = "<group>"; };
		BAC411E91E54F2180021273D /* EditAccount.storyboard */ = {isa = PBXFileReference; fileEncoding = 4; lastKnownFileType = file.storyboard; path = EditAccount.storyboard; sourceTree = "<group>"; };
		BACC7BA31E55272D007BEECA /* UIViewControllerExtensions.swift */ = {isa = PBXFileReference; fileEncoding = 4; lastKnownFileType = sourcecode.swift; path = UIViewControllerExtensions.swift; sourceTree = "<group>"; };
		BACC7BA51E55272D007BEECA /* RoundedCornerButton.swift */ = {isa = PBXFileReference; fileEncoding = 4; lastKnownFileType = sourcecode.swift; path = RoundedCornerButton.swift; sourceTree = "<group>"; };
		BACC7BA81E55275D007BEECA /* UIViewExtensions.swift */ = {isa = PBXFileReference; fileEncoding = 4; lastKnownFileType = sourcecode.swift; path = UIViewExtensions.swift; sourceTree = "<group>"; };
		BAF142121E5334E3007C508B /* MooneyTests.xctest */ = {isa = PBXFileReference; explicitFileType = wrapper.cfbundle; includeInIndex = 0; path = MooneyTests.xctest; sourceTree = BUILT_PRODUCTS_DIR; };
		BAF142161E5334E4007C508B /* Info.plist */ = {isa = PBXFileReference; lastKnownFileType = text.plist.xml; path = Info.plist; sourceTree = "<group>"; };
		BC37BD393A4E4E277BC836EE /* EditAccountPresenter.swift */ = {isa = PBXFileReference; includeInIndex = 1; lastKnownFileType = sourcecode.swift; path = EditAccountPresenter.swift; sourceTree = "<group>"; };
		BE132653747F687A6C542A5E /* Pods_MooneyTests.framework */ = {isa = PBXFileReference; explicitFileType = wrapper.framework; includeInIndex = 0; path = Pods_MooneyTests.framework; sourceTree = BUILT_PRODUCTS_DIR; };
		C1A77B31185631B4A7AC8E2C /* Pods-Mooney.release.xcconfig */ = {isa = PBXFileReference; includeInIndex = 1; lastKnownFileType = text.xcconfig; name = "Pods-Mooney.release.xcconfig"; path = "Pods/Target Support Files/Pods-Mooney/Pods-Mooney.release.xcconfig"; sourceTree = "<group>"; };
		C4C7C6BAC46FAA77BD6273FA /* EditAccountInteractorInput.swift */ = {isa = PBXFileReference; includeInIndex = 1; lastKnownFileType = sourcecode.swift; path = EditAccountInteractorInput.swift; sourceTree = "<group>"; };
		C95F2DAEB8A976757A947089 /* AccountsRouterInput.swift */ = {isa = PBXFileReference; includeInIndex = 1; lastKnownFileType = sourcecode.swift; path = AccountsRouterInput.swift; sourceTree = "<group>"; };
		D31FACBC794D9A8D9374C2F8 /* Pods-Mooney.debug.xcconfig */ = {isa = PBXFileReference; includeInIndex = 1; lastKnownFileType = text.xcconfig; name = "Pods-Mooney.debug.xcconfig"; path = "Pods/Target Support Files/Pods-Mooney/Pods-Mooney.debug.xcconfig"; sourceTree = "<group>"; };
		DD5C7CF958BE4EBB6D5C1FCD /* EditAccountInteractorOutput.swift */ = {isa = PBXFileReference; includeInIndex = 1; lastKnownFileType = sourcecode.swift; path = EditAccountInteractorOutput.swift; sourceTree = "<group>"; };
		E1BE9BFCC4CFD41EE71A13CE /* EditAccountInitializer.swift */ = {isa = PBXFileReference; includeInIndex = 1; lastKnownFileType = sourcecode.swift; path = EditAccountInitializer.swift; sourceTree = "<group>"; };
		EA7BE38D58F09F7C2CB9D8F2 /* AccountsInitializer.swift */ = {isa = PBXFileReference; includeInIndex = 1; lastKnownFileType = sourcecode.swift; path = AccountsInitializer.swift; sourceTree = "<group>"; };
		F4019656FC4EC5E7FA86B6AE /* AccountsInteractorInput.swift */ = {isa = PBXFileReference; includeInIndex = 1; lastKnownFileType = sourcecode.swift; path = AccountsInteractorInput.swift; sourceTree = "<group>"; };
		F732A9D3D45C19CBB5F0D466 /* EditAccountViewInput.swift */ = {isa = PBXFileReference; includeInIndex = 1; lastKnownFileType = sourcecode.swift; path = EditAccountViewInput.swift; sourceTree = "<group>"; };
		F9DFCF6B6E652230680C6B48 /* Pods-MooneyTests.release.xcconfig */ = {isa = PBXFileReference; includeInIndex = 1; lastKnownFileType = text.xcconfig; name = "Pods-MooneyTests.release.xcconfig"; path = "Pods/Target Support Files/Pods-MooneyTests/Pods-MooneyTests.release.xcconfig"; sourceTree = "<group>"; };
/* End PBXFileReference section */

/* Begin PBXFrameworksBuildPhase section */
		BA9100781E5069240006CAD3 /* Frameworks */ = {
			isa = PBXFrameworksBuildPhase;
			buildActionMask = 2147483647;
			files = (
				76DA6E0059B74612C98B67D8 /* Pods_Mooney.framework in Frameworks */,
			);
			runOnlyForDeploymentPostprocessing = 0;
		};
		BAF1420F1E5334E3007C508B /* Frameworks */ = {
			isa = PBXFrameworksBuildPhase;
			buildActionMask = 2147483647;
			files = (
				59B478334087C8A43FE443D3 /* Pods_MooneyTests.framework in Frameworks */,
			);
			runOnlyForDeploymentPostprocessing = 0;
		};
/* End PBXFrameworksBuildPhase section */

/* Begin PBXGroup section */
		1179720A0BFC9224232F63C9 /* Frameworks */ = {
			isa = PBXGroup;
			children = (
				21F2839BE0688212E6F645AB /* Pods_Mooney.framework */,
				BE132653747F687A6C542A5E /* Pods_MooneyTests.framework */,
			);
			name = Frameworks;
			sourceTree = "<group>";
		};
		29DFE5605184D18AF26D39AB /* Pods */ = {
			isa = PBXGroup;
			children = (
				D31FACBC794D9A8D9374C2F8 /* Pods-Mooney.debug.xcconfig */,
				C1A77B31185631B4A7AC8E2C /* Pods-Mooney.release.xcconfig */,
				A35E3174360B94147366C779 /* Pods-MooneyTests.debug.xcconfig */,
				F9DFCF6B6E652230680C6B48 /* Pods-MooneyTests.release.xcconfig */,
			);
			name = Pods;
			sourceTree = "<group>";
		};
		4D2438D4708B9F7FEE5F2237 /* Router */ = {
			isa = PBXGroup;
			children = (
				C95F2DAEB8A976757A947089 /* AccountsRouterInput.swift */,
				2351AA38C7B70C57B03D20DC /* AccountsRouter.swift */,
			);
			path = Router;
			sourceTree = "<group>";
		};
		7C2C6745BFDE7A7823A73DDA /* Interactor */ = {
			isa = PBXGroup;
			children = (
				F4019656FC4EC5E7FA86B6AE /* AccountsInteractorInput.swift */,
				0AAE579A4490CAC99268D80C /* AccountsInteractorOutput.swift */,
				1B298E08B33F605C2E1BCF7C /* AccountsInteractor.swift */,
			);
			path = Interactor;
			sourceTree = "<group>";
		};
		86677F584761294C051E02E5 /* View */ = {
			isa = PBXGroup;
			children = (
				BAC411E91E54F2180021273D /* EditAccount.storyboard */,
				F732A9D3D45C19CBB5F0D466 /* EditAccountViewInput.swift */,
				AE1C412D3E5B288E0B1B3E0C /* EditAccountViewOutput.swift */,
				7D94AF0CC1FCCE9576EE055C /* EditAccountViewController.swift */,
			);
			path = View;
			sourceTree = "<group>";
		};
		96A0EFCA7D0BE2CF078B403D /* View */ = {
			isa = PBXGroup;
			children = (
				BA9100A61E50A4E10006CAD3 /* Accounts.storyboard */,
				63EDE6634C27E599EF38EBB5 /* AccountsViewInput.swift */,
				7283DAA7DBD4389FA3E6B928 /* AccountsViewOutput.swift */,
				B2290134312CE525414E795F /* AccountsViewController.swift */,
			);
			path = View;
			sourceTree = "<group>";
		};
		9A76975F30D39F1E17CC73C0 /* Router */ = {
			isa = PBXGroup;
			children = (
				8E35B6AB6A0D61A68C392C3B /* EditAccountRouterInput.swift */,
				61EF01DC493EAC6A4B219154 /* EditAccountRouter.swift */,
			);
			path = Router;
			sourceTree = "<group>";
		};
		9B5BAB3C21B5338ED39CEA56 /* Configurator */ = {
			isa = PBXGroup;
			children = (
				8D05085117B7731C9943A79A /* AccountsConfigurator.swift */,
				EA7BE38D58F09F7C2CB9D8F2 /* AccountsInitializer.swift */,
			);
			path = Configurator;
			sourceTree = "<group>";
		};
		9F88196556CA99BBA51B9C2D /* Accounts */ = {
			isa = PBXGroup;
			children = (
				BAC411E81E54E8300021273D /* AccountsList */,
				E5CB40234C60A869543E0396 /* EditAccount */,
			);
			path = Accounts;
			sourceTree = "<group>";
		};
		BA04B7FA1E5B1FC100DF823F /* BaseModules */ = {
			isa = PBXGroup;
			children = (
				BA04B7FB1E5B1FC100DF823F /* ListResources */,
			);
			path = BaseModules;
			sourceTree = "<group>";
		};
		BA04B7FB1E5B1FC100DF823F /* ListResources */ = {
			isa = PBXGroup;
			children = (
				BA04B8031E5B1FC100DF823F /* View */,
				BA04B7FC1E5B1FC100DF823F /* Interactor */,
				BA04B8001E5B1FC100DF823F /* Presenter */,
				BA04B8101E5B269100DF823F /* Router */,
			);
			path = ListResources;
			sourceTree = "<group>";
		};
		BA04B7FC1E5B1FC100DF823F /* Interactor */ = {
			isa = PBXGroup;
			children = (
				BA04B7FE1E5B1FC100DF823F /* ListResourcesInteractorInput.swift */,
				BA04B7FF1E5B1FC100DF823F /* ListResourcesInteractorOutput.swift */,
				BA04B7FD1E5B1FC100DF823F /* ListResourcesInteractor.swift */,
			);
			path = Interactor;
			sourceTree = "<group>";
		};
		BA04B8001E5B1FC100DF823F /* Presenter */ = {
			isa = PBXGroup;
			children = (
				BA04B8011E5B1FC100DF823F /* ListResourcesPresenter.swift */,
				BA04B8021E5B1FC100DF823F /* ListResourcesPresenterInput.swift */,
			);
			path = Presenter;
			sourceTree = "<group>";
		};
		BA04B8031E5B1FC100DF823F /* View */ = {
			isa = PBXGroup;
			children = (
				BA04B8041E5B1FC100DF823F /* ListResourcesViewInput.swift */,
				BA04B8051E5B1FC100DF823F /* ListResourcesViewOutput.swift */,
			);
			path = View;
			sourceTree = "<group>";
		};
		BA04B8101E5B269100DF823F /* Router */ = {
			isa = PBXGroup;
			children = (
				BA04B8171E5B28A800DF823F /* ListResourcesRouterInput.swift */,
			);
			path = Router;
			sourceTree = "<group>";
		};
		BA04B8141E5B276400DF823F /* Entity */ = {
			isa = PBXGroup;
			children = (
				BA04B8151E5B276400DF823F /* BaseEntity.swift */,
			);
			path = Entity;
			sourceTree = "<group>";
		};
		BA145A211E53165200358AE5 /* Models */ = {
			isa = PBXGroup;
			children = (
				BAF1420B1E532CE8007C508B /* Account */,
			);
			path = Models;
			sourceTree = "<group>";
		};
		BA9100721E5069230006CAD3 = {
			isa = PBXGroup;
			children = (
				BA91007D1E5069240006CAD3 /* Mooney */,
				BAF142131E5334E4007C508B /* MooneyTests */,
				1179720A0BFC9224232F63C9 /* Frameworks */,
				29DFE5605184D18AF26D39AB /* Pods */,
				BA91007C1E5069240006CAD3 /* Products */,
			);
			sourceTree = "<group>";
		};
		BA91007C1E5069240006CAD3 /* Products */ = {
			isa = PBXGroup;
			children = (
				BA91007B1E5069240006CAD3 /* Mooney.app */,
				BAF142121E5334E3007C508B /* MooneyTests.xctest */,
			);
			name = Products;
			sourceTree = "<group>";
		};
		BA91007D1E5069240006CAD3 /* Mooney */ = {
			isa = PBXGroup;
			children = (
				BA91009B1E50824B0006CAD3 /* Modules */,
				BA04B8141E5B276400DF823F /* Entity */,
				BA9100AB1E514DFE0006CAD3 /* Database */,
				BA9100AC1E514DFE0006CAD3 /* Network */,
				BA9100901E50717C0006CAD3 /* Application */,
				BA9100931E50717C0006CAD3 /* Resources */,
				BACC7BA11E55272D007BEECA /* Utils */,
			);
			path = Mooney;
			sourceTree = "<group>";
		};
		BA9100901E50717C0006CAD3 /* Application */ = {
			isa = PBXGroup;
			children = (
				BA9100911E50717C0006CAD3 /* AppDelegate.swift */,
				BA9100921E50717C0006CAD3 /* Info.plist */,
			);
			path = Application;
			sourceTree = "<group>";
		};
		BA9100931E50717C0006CAD3 /* Resources */ = {
			isa = PBXGroup;
			children = (
				BA9100941E50717C0006CAD3 /* Assets.xcassets */,
				BA9100951E50717C0006CAD3 /* LaunchScreen.storyboard */,
			);
			path = Resources;
			sourceTree = "<group>";
		};
		BA91009B1E50824B0006CAD3 /* Modules */ = {
			isa = PBXGroup;
			children = (
				BA9100A81E5149AD0006CAD3 /* Menu */,
				BA04B7FA1E5B1FC100DF823F /* BaseModules */,
				9F88196556CA99BBA51B9C2D /* Accounts */,
			);
			path = Modules;
			sourceTree = "<group>";
		};
		BA9100A81E5149AD0006CAD3 /* Menu */ = {
			isa = PBXGroup;
			children = (
				BA9100A91E5149B70006CAD3 /* Menu.storyboard */,
			);
			path = Menu;
			sourceTree = "<group>";
		};
		BA9100AB1E514DFE0006CAD3 /* Database */ = {
			isa = PBXGroup;
			children = (
				BA145A211E53165200358AE5 /* Models */,
				BAA71EFF1E5264C6009DB223 /* MooneyDataModel.xcdatamodeld */,
			);
			path = Database;
			sourceTree = "<group>";
		};
		BA9100AC1E514DFE0006CAD3 /* Network */ = {
			isa = PBXGroup;
			children = (
				BA9100AF1E514E300006CAD3 /* API.swift */,
			);
			path = Network;
			sourceTree = "<group>";
		};
		BAA510C31E5475E100AE5F99 /* Accounts */ = {
			isa = PBXGroup;
			children = (
				BAA510C41E5475E100AE5F99 /* AccountsInteractorTests.swift */,
				BA7D10A51E57D49C0066FFA2 /* EditAccountInteractorTests.swift */,
			);
			path = Accounts;
			sourceTree = "<group>";
		};
		BAA510C51E5475E100AE5F99 /* Doubles */ = {
			isa = PBXGroup;
			children = (
				BAA510C61E5475E100AE5F99 /* AccountsInteractorOutputDouble.swift */,
				BA7D10A71E57D52F0066FFA2 /* EditAccountInteractorOutputDouble.swift */,
			);
			path = Doubles;
			sourceTree = "<group>";
		};
		BAA510C71E5475E100AE5F99 /* Utils */ = {
			isa = PBXGroup;
			children = (
				BAA510CA1E54761A00AE5F99 /* DatabaseUtils.swift */,
			);
			path = Utils;
			sourceTree = "<group>";
		};
		BAC411E81E54E8300021273D /* AccountsList */ = {
			isa = PBXGroup;
			children = (
				96A0EFCA7D0BE2CF078B403D /* View */,
				F12C947EAEB60885D2045A76 /* Presenter */,
				7C2C6745BFDE7A7823A73DDA /* Interactor */,
				4D2438D4708B9F7FEE5F2237 /* Router */,
				9B5BAB3C21B5338ED39CEA56 /* Configurator */,
			);
			path = AccountsList;
			sourceTree = "<group>";
		};
		BACC7BA11E55272D007BEECA /* Utils */ = {
			isa = PBXGroup;
			children = (
				BACC7BA21E55272D007BEECA /* ViewExtensions */,
				BACC7BA41E55272D007BEECA /* Views */,
			);
			path = Utils;
			sourceTree = "<group>";
		};
		BACC7BA21E55272D007BEECA /* ViewExtensions */ = {
			isa = PBXGroup;
			children = (
				BACC7BA31E55272D007BEECA /* UIViewControllerExtensions.swift */,
				BACC7BA81E55275D007BEECA /* UIViewExtensions.swift */,
			);
			path = ViewExtensions;
			sourceTree = "<group>";
		};
		BACC7BA41E55272D007BEECA /* Views */ = {
			isa = PBXGroup;
			children = (
				BACC7BA51E55272D007BEECA /* RoundedCornerButton.swift */,
				BA7D10A31E57C18C0066FFA2 /* RoundedFlatTextField.swift */,
			);
			path = Views;
			sourceTree = "<group>";
		};
		BAF1420B1E532CE8007C508B /* Account */ = {
			isa = PBXGroup;
			children = (
				BA145A321E5319B200358AE5 /* Account+CoreDataClass.swift */,
				BA145A331E5319B200358AE5 /* Account+CoreDataProperties.swift */,
			);
			path = Account;
			sourceTree = "<group>";
		};
		BAF142131E5334E4007C508B /* MooneyTests */ = {
			isa = PBXGroup;
			children = (
				BAA510C31E5475E100AE5F99 /* Accounts */,
				BAA510C51E5475E100AE5F99 /* Doubles */,
				BAA510C71E5475E100AE5F99 /* Utils */,
				BAF142161E5334E4007C508B /* Info.plist */,
			);
			path = MooneyTests;
			sourceTree = "<group>";
		};
		BE3CA85F2CE00D9CDCB79D5A /* Presenter */ = {
			isa = PBXGroup;
			children = (
				91D35C34AE94B9FDB5B5EFD4 /* EditAccountModuleInput.swift */,
				BC37BD393A4E4E277BC836EE /* EditAccountPresenter.swift */,
			);
			path = Presenter;
			sourceTree = "<group>";
		};
		DF845EC30430D5F2D48FE54B /* Configurator */ = {
			isa = PBXGroup;
			children = (
				5263FAFF0FB743E12BCF1B30 /* EditAccountConfigurator.swift */,
				E1BE9BFCC4CFD41EE71A13CE /* EditAccountInitializer.swift */,
			);
			path = Configurator;
			sourceTree = "<group>";
		};
		E5CB40234C60A869543E0396 /* EditAccount */ = {
			isa = PBXGroup;
			children = (
				86677F584761294C051E02E5 /* View */,
				BE3CA85F2CE00D9CDCB79D5A /* Presenter */,
				EA4F54019560A2EBEED535AF /* Interactor */,
				9A76975F30D39F1E17CC73C0 /* Router */,
				DF845EC30430D5F2D48FE54B /* Configurator */,
			);
			name = EditAccount;
			path = Mooney/Modules/Accounts/EditAccount;
			sourceTree = SOURCE_ROOT;
		};
		EA4F54019560A2EBEED535AF /* Interactor */ = {
			isa = PBXGroup;
			children = (
				C4C7C6BAC46FAA77BD6273FA /* EditAccountInteractorInput.swift */,
				DD5C7CF958BE4EBB6D5C1FCD /* EditAccountInteractorOutput.swift */,
				4C1D98592090C9B615263203 /* EditAccountInteractor.swift */,
			);
			path = Interactor;
			sourceTree = "<group>";
		};
		F12C947EAEB60885D2045A76 /* Presenter */ = {
			isa = PBXGroup;
			children = (
				73F86B07C74A91892363803C /* AccountsModuleInput.swift */,
				5C957B0B6BAE8F361E371B90 /* AccountsPresenter.swift */,
			);
			path = Presenter;
			sourceTree = "<group>";
		};
/* End PBXGroup section */

/* Begin PBXNativeTarget section */
		BA91007A1E5069240006CAD3 /* Mooney */ = {
			isa = PBXNativeTarget;
			buildConfigurationList = BA91008D1E5069240006CAD3 /* Build configuration list for PBXNativeTarget "Mooney" */;
			buildPhases = (
				7B3B650DE3B87DC3B7AB9763 /* [CP] Check Pods Manifest.lock */,
				BA9100771E5069240006CAD3 /* Sources */,
				BA9100781E5069240006CAD3 /* Frameworks */,
				BA9100791E5069240006CAD3 /* Resources */,
				AA09688D508FE9C5A9CCD340 /* [CP] Embed Pods Frameworks */,
				5C6B74A61091B51F191A3C86 /* [CP] Copy Pods Resources */,
			);
			buildRules = (
			);
			dependencies = (
			);
			name = Mooney;
			productName = "Mooney-iOS-VIPER";
			productReference = BA91007B1E5069240006CAD3 /* Mooney.app */;
			productType = "com.apple.product-type.application";
		};
		BAF142111E5334E3007C508B /* MooneyTests */ = {
			isa = PBXNativeTarget;
			buildConfigurationList = BAF1421B1E5334E4007C508B /* Build configuration list for PBXNativeTarget "MooneyTests" */;
			buildPhases = (
				56EB1C19E6CC9C0115E76266 /* [CP] Check Pods Manifest.lock */,
				BAF1420E1E5334E3007C508B /* Sources */,
				BAF1420F1E5334E3007C508B /* Frameworks */,
				BAF142101E5334E3007C508B /* Resources */,
				750BF11E47DB0824DE2056A5 /* [CP] Embed Pods Frameworks */,
				EB7D314A520C93625D008624 /* [CP] Copy Pods Resources */,
			);
			buildRules = (
			);
			dependencies = (
				BAF142181E5334E4007C508B /* PBXTargetDependency */,
			);
			name = MooneyTests;
			productName = MooneyTests;
			productReference = BAF142121E5334E3007C508B /* MooneyTests.xctest */;
			productType = "com.apple.product-type.bundle.unit-test";
		};
/* End PBXNativeTarget section */

/* Begin PBXProject section */
		BA9100731E5069240006CAD3 /* Project object */ = {
			isa = PBXProject;
			attributes = {
				LastSwiftUpdateCheck = 0820;
				LastUpgradeCheck = 0820;
				ORGANIZATIONNAME = "Ricardo Gehrke Filho";
				TargetAttributes = {
					BA91007A1E5069240006CAD3 = {
						CreatedOnToolsVersion = 8.2.1;
						DevelopmentTeam = 2T9EKFYB5P;
						ProvisioningStyle = Automatic;
					};
					BAF142111E5334E3007C508B = {
						CreatedOnToolsVersion = 8.2.1;
						ProvisioningStyle = Automatic;
						TestTargetID = BA91007A1E5069240006CAD3;
					};
				};
			};
			buildConfigurationList = BA9100761E5069240006CAD3 /* Build configuration list for PBXProject "Mooney" */;
			compatibilityVersion = "Xcode 3.2";
			developmentRegion = English;
			hasScannedForEncodings = 0;
			knownRegions = (
				en,
				Base,
			);
			mainGroup = BA9100721E5069230006CAD3;
			productRefGroup = BA91007C1E5069240006CAD3 /* Products */;
			projectDirPath = "";
			projectRoot = "";
			targets = (
				BA91007A1E5069240006CAD3 /* Mooney */,
				BAF142111E5334E3007C508B /* MooneyTests */,
			);
		};
/* End PBXProject section */

/* Begin PBXResourcesBuildPhase section */
		BA9100791E5069240006CAD3 /* Resources */ = {
			isa = PBXResourcesBuildPhase;
			buildActionMask = 2147483647;
			files = (
				BAC411EA1E54F2180021273D /* EditAccount.storyboard in Resources */,
				BA9100A71E50A4E10006CAD3 /* Accounts.storyboard in Resources */,
				BA91009A1E50717C0006CAD3 /* LaunchScreen.storyboard in Resources */,
				BA9100991E50717C0006CAD3 /* Assets.xcassets in Resources */,
				BA9100AA1E5149B70006CAD3 /* Menu.storyboard in Resources */,
			);
			runOnlyForDeploymentPostprocessing = 0;
		};
		BAF142101E5334E3007C508B /* Resources */ = {
			isa = PBXResourcesBuildPhase;
			buildActionMask = 2147483647;
			files = (
			);
			runOnlyForDeploymentPostprocessing = 0;
		};
/* End PBXResourcesBuildPhase section */

/* Begin PBXShellScriptBuildPhase section */
		56EB1C19E6CC9C0115E76266 /* [CP] Check Pods Manifest.lock */ = {
			isa = PBXShellScriptBuildPhase;
			buildActionMask = 2147483647;
			files = (
			);
			inputPaths = (
			);
			name = "[CP] Check Pods Manifest.lock";
			outputPaths = (
			);
			runOnlyForDeploymentPostprocessing = 0;
			shellPath = /bin/sh;
			shellScript = "diff \"${PODS_ROOT}/../Podfile.lock\" \"${PODS_ROOT}/Manifest.lock\" > /dev/null\nif [ $? != 0 ] ; then\n    # print error to STDERR\n    echo \"error: The sandbox is not in sync with the Podfile.lock. Run 'pod install' or update your CocoaPods installation.\" >&2\n    exit 1\nfi\n";
			showEnvVarsInLog = 0;
		};
		5C6B74A61091B51F191A3C86 /* [CP] Copy Pods Resources */ = {
			isa = PBXShellScriptBuildPhase;
			buildActionMask = 2147483647;
			files = (
			);
			inputPaths = (
			);
			name = "[CP] Copy Pods Resources";
			outputPaths = (
			);
			runOnlyForDeploymentPostprocessing = 0;
			shellPath = /bin/sh;
			shellScript = "\"${SRCROOT}/Pods/Target Support Files/Pods-Mooney/Pods-Mooney-resources.sh\"\n";
			showEnvVarsInLog = 0;
		};
		750BF11E47DB0824DE2056A5 /* [CP] Embed Pods Frameworks */ = {
			isa = PBXShellScriptBuildPhase;
			buildActionMask = 2147483647;
			files = (
			);
			inputPaths = (
			);
			name = "[CP] Embed Pods Frameworks";
			outputPaths = (
			);
			runOnlyForDeploymentPostprocessing = 0;
			shellPath = /bin/sh;
			shellScript = "\"${SRCROOT}/Pods/Target Support Files/Pods-MooneyTests/Pods-MooneyTests-frameworks.sh\"\n";
			showEnvVarsInLog = 0;
		};
		7B3B650DE3B87DC3B7AB9763 /* [CP] Check Pods Manifest.lock */ = {
			isa = PBXShellScriptBuildPhase;
			buildActionMask = 2147483647;
			files = (
			);
			inputPaths = (
			);
			name = "[CP] Check Pods Manifest.lock";
			outputPaths = (
			);
			runOnlyForDeploymentPostprocessing = 0;
			shellPath = /bin/sh;
			shellScript = "diff \"${PODS_ROOT}/../Podfile.lock\" \"${PODS_ROOT}/Manifest.lock\" > /dev/null\nif [ $? != 0 ] ; then\n    # print error to STDERR\n    echo \"error: The sandbox is not in sync with the Podfile.lock. Run 'pod install' or update your CocoaPods installation.\" >&2\n    exit 1\nfi\n";
			showEnvVarsInLog = 0;
		};
		AA09688D508FE9C5A9CCD340 /* [CP] Embed Pods Frameworks */ = {
			isa = PBXShellScriptBuildPhase;
			buildActionMask = 2147483647;
			files = (
			);
			inputPaths = (
			);
			name = "[CP] Embed Pods Frameworks";
			outputPaths = (
			);
			runOnlyForDeploymentPostprocessing = 0;
			shellPath = /bin/sh;
			shellScript = "\"${SRCROOT}/Pods/Target Support Files/Pods-Mooney/Pods-Mooney-frameworks.sh\"\n";
			showEnvVarsInLog = 0;
		};
		EB7D314A520C93625D008624 /* [CP] Copy Pods Resources */ = {
			isa = PBXShellScriptBuildPhase;
			buildActionMask = 2147483647;
			files = (
			);
			inputPaths = (
			);
			name = "[CP] Copy Pods Resources";
			outputPaths = (
			);
			runOnlyForDeploymentPostprocessing = 0;
			shellPath = /bin/sh;
			shellScript = "\"${SRCROOT}/Pods/Target Support Files/Pods-MooneyTests/Pods-MooneyTests-resources.sh\"\n";
			showEnvVarsInLog = 0;
		};
/* End PBXShellScriptBuildPhase section */

/* Begin PBXSourcesBuildPhase section */
		BA9100771E5069240006CAD3 /* Sources */ = {
			isa = PBXSourcesBuildPhase;
			buildActionMask = 2147483647;
			files = (
				BA04B8071E5B1FC100DF823F /* ListResourcesInteractorInput.swift in Sources */,
				BA9100971E50717C0006CAD3 /* AppDelegate.swift in Sources */,
				BA04B8091E5B1FC100DF823F /* ListResourcesPresenter.swift in Sources */,
				BA04B80C1E5B1FC100DF823F /* ListResourcesViewOutput.swift in Sources */,
				B4FDC621A426E695859A9BA8 /* AccountsViewInput.swift in Sources */,
				DA68D313ACCD22E73548A4ED /* AccountsViewOutput.swift in Sources */,
				75520A693C414B2895D83C81 /* AccountsViewController.swift in Sources */,
				BA9100B01E514E300006CAD3 /* API.swift in Sources */,
				123AD8D2B6F4FEC7D3E77BDB /* AccountsModuleInput.swift in Sources */,
				BA145A351E5319B200358AE5 /* Account+CoreDataProperties.swift in Sources */,
				4C19A4184E6525FA081825AF /* AccountsPresenter.swift in Sources */,
				20FEF5A73FE2A16C5729762D /* AccountsInteractorInput.swift in Sources */,
				BAA71F011E5264C6009DB223 /* MooneyDataModel.xcdatamodeld in Sources */,
				BACC7BA71E55272D007BEECA /* RoundedCornerButton.swift in Sources */,
				DA4E69E658669F7562B31206 /* AccountsInteractorOutput.swift in Sources */,
				42785AF1BBE6E5BE6A8EFAAE /* AccountsInteractor.swift in Sources */,
				BA04B80B1E5B1FC100DF823F /* ListResourcesViewInput.swift in Sources */,
				BFE5E15C72BDF4A87C9B9531 /* AccountsRouterInput.swift in Sources */,
				CDCD23C2D9B53A5A47FBCE5F /* AccountsRouter.swift in Sources */,
				4DD41698DF996DD6A810E900 /* AccountsConfigurator.swift in Sources */,
				BA04B8081E5B1FC100DF823F /* ListResourcesInteractorOutput.swift in Sources */,
				55E56D2D1E375AC46615AA02 /* AccountsInitializer.swift in Sources */,
				BA145A341E5319B200358AE5 /* Account+CoreDataClass.swift in Sources */,
				0C20FD73C4FD5CA8818C3505 /* EditAccountViewInput.swift in Sources */,
				8F018966FB6496D4714BB3C0 /* EditAccountViewOutput.swift in Sources */,
				BA04B8061E5B1FC100DF823F /* ListResourcesInteractor.swift in Sources */,
				C6990D4A8E301E58C6FEFAD1 /* EditAccountViewController.swift in Sources */,
				BA04B8181E5B28A800DF823F /* ListResourcesRouterInput.swift in Sources */,
				BA7D10A41E57C18C0066FFA2 /* RoundedFlatTextField.swift in Sources */,
				BACC7BA91E55275D007BEECA /* UIViewExtensions.swift in Sources */,
				BACC7BA61E55272D007BEECA /* UIViewControllerExtensions.swift in Sources */,
				F9982945946748A65A33CDD1 /* EditAccountModuleInput.swift in Sources */,
				5B4E71AB8A1B95C515B11A04 /* EditAccountPresenter.swift in Sources */,
				BA04B8161E5B276400DF823F /* BaseEntity.swift in Sources */,
				DDCB3C72D638F2A1E8A5BC47 /* EditAccountInteractorInput.swift in Sources */,
				8AC274CA2A710BCEF597CA8E /* EditAccountInteractorOutput.swift in Sources */,
				4D5C476261EBE9E57757EB02 /* EditAccountInteractor.swift in Sources */,
				901BCF28392EAA1E1DC27E15 /* EditAccountRouterInput.swift in Sources */,
				2C41C6A546E8E06162ABB6F1 /* EditAccountRouter.swift in Sources */,
				BA04B80A1E5B1FC100DF823F /* ListResourcesPresenterInput.swift in Sources */,
				B4CA0D2B87D92F510C0CB6CD /* EditAccountConfigurator.swift in Sources */,
				A52C52FACBBCECE154883F5A /* EditAccountInitializer.swift in Sources */,
			);
			runOnlyForDeploymentPostprocessing = 0;
		};
		BAF1420E1E5334E3007C508B /* Sources */ = {
			isa = PBXSourcesBuildPhase;
			buildActionMask = 2147483647;
			files = (
				BA7D10A61E57D49C0066FFA2 /* EditAccountInteractorTests.swift in Sources */,
				BAA510C91E5475E100AE5F99 /* AccountsInteractorOutputDouble.swift in Sources */,
				BAA510C81E5475E100AE5F99 /* AccountsInteractorTests.swift in Sources */,
				BAA510CB1E54761A00AE5F99 /* DatabaseUtils.swift in Sources */,
				BA7D10A81E57D52F0066FFA2 /* EditAccountInteractorOutputDouble.swift in Sources */,
			);
			runOnlyForDeploymentPostprocessing = 0;
		};
/* End PBXSourcesBuildPhase section */

/* Begin PBXTargetDependency section */
		BAF142181E5334E4007C508B /* PBXTargetDependency */ = {
			isa = PBXTargetDependency;
			target = BA91007A1E5069240006CAD3 /* Mooney */;
			targetProxy = BAF142171E5334E4007C508B /* PBXContainerItemProxy */;
		};
/* End PBXTargetDependency section */

/* Begin PBXVariantGroup section */
		BA9100951E50717C0006CAD3 /* LaunchScreen.storyboard */ = {
			isa = PBXVariantGroup;
			children = (
				BA9100961E50717C0006CAD3 /* Base */,
			);
			name = LaunchScreen.storyboard;
			sourceTree = "<group>";
		};
/* End PBXVariantGroup section */

/* Begin XCBuildConfiguration section */
		BA91008B1E5069240006CAD3 /* Debug */ = {
			isa = XCBuildConfiguration;
			buildSettings = {
				ALWAYS_SEARCH_USER_PATHS = NO;
				CLANG_ANALYZER_NONNULL = YES;
				CLANG_CXX_LANGUAGE_STANDARD = "gnu++0x";
				CLANG_CXX_LIBRARY = "libc++";
				CLANG_ENABLE_MODULES = YES;
				CLANG_ENABLE_OBJC_ARC = YES;
				CLANG_WARN_BOOL_CONVERSION = YES;
				CLANG_WARN_CONSTANT_CONVERSION = YES;
				CLANG_WARN_DIRECT_OBJC_ISA_USAGE = YES_ERROR;
				CLANG_WARN_DOCUMENTATION_COMMENTS = YES;
				CLANG_WARN_EMPTY_BODY = YES;
				CLANG_WARN_ENUM_CONVERSION = YES;
				CLANG_WARN_INFINITE_RECURSION = YES;
				CLANG_WARN_INT_CONVERSION = YES;
				CLANG_WARN_OBJC_ROOT_CLASS = YES_ERROR;
				CLANG_WARN_SUSPICIOUS_MOVE = YES;
				CLANG_WARN_UNREACHABLE_CODE = YES;
				CLANG_WARN__DUPLICATE_METHOD_MATCH = YES;
				"CODE_SIGN_IDENTITY[sdk=iphoneos*]" = "iPhone Developer";
				COPY_PHASE_STRIP = NO;
				DEBUG_INFORMATION_FORMAT = dwarf;
				ENABLE_STRICT_OBJC_MSGSEND = YES;
				ENABLE_TESTABILITY = YES;
				GCC_C_LANGUAGE_STANDARD = gnu99;
				GCC_DYNAMIC_NO_PIC = NO;
				GCC_NO_COMMON_BLOCKS = YES;
				GCC_OPTIMIZATION_LEVEL = 0;
				GCC_PREPROCESSOR_DEFINITIONS = (
					"DEBUG=1",
					"$(inherited)",
				);
				GCC_WARN_64_TO_32_BIT_CONVERSION = YES;
				GCC_WARN_ABOUT_RETURN_TYPE = YES_ERROR;
				GCC_WARN_UNDECLARED_SELECTOR = YES;
				GCC_WARN_UNINITIALIZED_AUTOS = YES_AGGRESSIVE;
				GCC_WARN_UNUSED_FUNCTION = YES;
				GCC_WARN_UNUSED_VARIABLE = YES;
				IPHONEOS_DEPLOYMENT_TARGET = 10.2;
				MTL_ENABLE_DEBUG_INFO = YES;
				ONLY_ACTIVE_ARCH = YES;
				SDKROOT = iphoneos;
				SWIFT_ACTIVE_COMPILATION_CONDITIONS = DEBUG;
				SWIFT_OPTIMIZATION_LEVEL = "-Onone";
			};
			name = Debug;
		};
		BA91008C1E5069240006CAD3 /* Release */ = {
			isa = XCBuildConfiguration;
			buildSettings = {
				ALWAYS_SEARCH_USER_PATHS = NO;
				CLANG_ANALYZER_NONNULL = YES;
				CLANG_CXX_LANGUAGE_STANDARD = "gnu++0x";
				CLANG_CXX_LIBRARY = "libc++";
				CLANG_ENABLE_MODULES = YES;
				CLANG_ENABLE_OBJC_ARC = YES;
				CLANG_WARN_BOOL_CONVERSION = YES;
				CLANG_WARN_CONSTANT_CONVERSION = YES;
				CLANG_WARN_DIRECT_OBJC_ISA_USAGE = YES_ERROR;
				CLANG_WARN_DOCUMENTATION_COMMENTS = YES;
				CLANG_WARN_EMPTY_BODY = YES;
				CLANG_WARN_ENUM_CONVERSION = YES;
				CLANG_WARN_INFINITE_RECURSION = YES;
				CLANG_WARN_INT_CONVERSION = YES;
				CLANG_WARN_OBJC_ROOT_CLASS = YES_ERROR;
				CLANG_WARN_SUSPICIOUS_MOVE = YES;
				CLANG_WARN_UNREACHABLE_CODE = YES;
				CLANG_WARN__DUPLICATE_METHOD_MATCH = YES;
				"CODE_SIGN_IDENTITY[sdk=iphoneos*]" = "iPhone Developer";
				COPY_PHASE_STRIP = NO;
				DEBUG_INFORMATION_FORMAT = "dwarf-with-dsym";
				ENABLE_NS_ASSERTIONS = NO;
				ENABLE_STRICT_OBJC_MSGSEND = YES;
				GCC_C_LANGUAGE_STANDARD = gnu99;
				GCC_NO_COMMON_BLOCKS = YES;
				GCC_WARN_64_TO_32_BIT_CONVERSION = YES;
				GCC_WARN_ABOUT_RETURN_TYPE = YES_ERROR;
				GCC_WARN_UNDECLARED_SELECTOR = YES;
				GCC_WARN_UNINITIALIZED_AUTOS = YES_AGGRESSIVE;
				GCC_WARN_UNUSED_FUNCTION = YES;
				GCC_WARN_UNUSED_VARIABLE = YES;
				IPHONEOS_DEPLOYMENT_TARGET = 10.2;
				MTL_ENABLE_DEBUG_INFO = NO;
				SDKROOT = iphoneos;
				SWIFT_OPTIMIZATION_LEVEL = "-Owholemodule";
				VALIDATE_PRODUCT = YES;
			};
			name = Release;
		};
		BA91008E1E5069240006CAD3 /* Debug */ = {
			isa = XCBuildConfiguration;
			baseConfigurationReference = D31FACBC794D9A8D9374C2F8 /* Pods-Mooney.debug.xcconfig */;
			buildSettings = {
				ASSETCATALOG_COMPILER_APPICON_NAME = AppIcon;
				DEVELOPMENT_TEAM = 2T9EKFYB5P;
				INFOPLIST_FILE = "$(SRCROOT)/Mooney/Application/Info.plist";
				LD_RUNPATH_SEARCH_PATHS = "$(inherited) @executable_path/Frameworks";
				PRODUCT_BUNDLE_IDENTIFIER = "br.com.ricardofilho.Mooney-iOS-VIPER";
				PRODUCT_NAME = "$(TARGET_NAME)";
				SWIFT_VERSION = 3.0;
			};
			name = Debug;
		};
		BA91008F1E5069240006CAD3 /* Release */ = {
			isa = XCBuildConfiguration;
			baseConfigurationReference = C1A77B31185631B4A7AC8E2C /* Pods-Mooney.release.xcconfig */;
			buildSettings = {
				ASSETCATALOG_COMPILER_APPICON_NAME = AppIcon;
				DEVELOPMENT_TEAM = 2T9EKFYB5P;
				INFOPLIST_FILE = "$(SRCROOT)/Mooney/Application/Info.plist";
				LD_RUNPATH_SEARCH_PATHS = "$(inherited) @executable_path/Frameworks";
				PRODUCT_BUNDLE_IDENTIFIER = "br.com.ricardofilho.Mooney-iOS-VIPER";
				PRODUCT_NAME = "$(TARGET_NAME)";
				SWIFT_VERSION = 3.0;
			};
			name = Release;
		};
		BAF142191E5334E4007C508B /* Debug */ = {
			isa = XCBuildConfiguration;
			baseConfigurationReference = A35E3174360B94147366C779 /* Pods-MooneyTests.debug.xcconfig */;
			buildSettings = {
				BUNDLE_LOADER = "$(TEST_HOST)";
				INFOPLIST_FILE = MooneyTests/Info.plist;
				LD_RUNPATH_SEARCH_PATHS = "$(inherited) @executable_path/Frameworks @loader_path/Frameworks";
				PRODUCT_BUNDLE_IDENTIFIER = br.com.ricardofilho.MooneyTests;
				PRODUCT_NAME = "$(TARGET_NAME)";
				SWIFT_VERSION = 3.0;
				TEST_HOST = "$(BUILT_PRODUCTS_DIR)/Mooney.app/Mooney";
			};
			name = Debug;
		};
		BAF1421A1E5334E4007C508B /* Release */ = {
			isa = XCBuildConfiguration;
			baseConfigurationReference = F9DFCF6B6E652230680C6B48 /* Pods-MooneyTests.release.xcconfig */;
			buildSettings = {
				BUNDLE_LOADER = "$(TEST_HOST)";
				INFOPLIST_FILE = MooneyTests/Info.plist;
				LD_RUNPATH_SEARCH_PATHS = "$(inherited) @executable_path/Frameworks @loader_path/Frameworks";
				PRODUCT_BUNDLE_IDENTIFIER = br.com.ricardofilho.MooneyTests;
				PRODUCT_NAME = "$(TARGET_NAME)";
				SWIFT_VERSION = 3.0;
				TEST_HOST = "$(BUILT_PRODUCTS_DIR)/Mooney.app/Mooney";
			};
			name = Release;
		};
/* End XCBuildConfiguration section */

/* Begin XCConfigurationList section */
		BA9100761E5069240006CAD3 /* Build configuration list for PBXProject "Mooney" */ = {
			isa = XCConfigurationList;
			buildConfigurations = (
				BA91008B1E5069240006CAD3 /* Debug */,
				BA91008C1E5069240006CAD3 /* Release */,
			);
			defaultConfigurationIsVisible = 0;
			defaultConfigurationName = Release;
		};
		BA91008D1E5069240006CAD3 /* Build configuration list for PBXNativeTarget "Mooney" */ = {
			isa = XCConfigurationList;
			buildConfigurations = (
				BA91008E1E5069240006CAD3 /* Debug */,
				BA91008F1E5069240006CAD3 /* Release */,
			);
			defaultConfigurationIsVisible = 0;
			defaultConfigurationName = Release;
		};
		BAF1421B1E5334E4007C508B /* Build configuration list for PBXNativeTarget "MooneyTests" */ = {
			isa = XCConfigurationList;
			buildConfigurations = (
				BAF142191E5334E4007C508B /* Debug */,
				BAF1421A1E5334E4007C508B /* Release */,
			);
			defaultConfigurationIsVisible = 0;
			defaultConfigurationName = Release;
		};
/* End XCConfigurationList section */

/* Begin XCVersionGroup section */
		BAA71EFF1E5264C6009DB223 /* MooneyDataModel.xcdatamodeld */ = {
			isa = XCVersionGroup;
			children = (
				BAA71F001E5264C6009DB223 /* MooneyDataModel.xcdatamodel */,
			);
			currentVersion = BAA71F001E5264C6009DB223 /* MooneyDataModel.xcdatamodel */;
			path = MooneyDataModel.xcdatamodeld;
			sourceTree = "<group>";
			versionGroupType = wrapper.xcdatamodel;
		};
/* End XCVersionGroup section */
	};
	rootObject = BA9100731E5069240006CAD3 /* Project object */;
}
